
Microsoft Visual Studio Solution File, Format Version 12.00
# Visual Studio Version 17
VisualStudioVersion = 17.4.33103.184
MinimumVisualStudioVersion = 10.0.40219.1
Project("{9A19103F-16F7-4668-BE54-9A1E7A4F7556}") = "STTech.BytesIO.Modbus", "STTech.BytesIO.Modbus\STTech.BytesIO.Modbus.csproj", "{D13F46D9-AD0D-44B7-B1A5-ABD52F2E83E9}"
EndProject
Global
	GlobalSection(SolutionConfigurationPlatforms) = preSolution
		Debug|Any CPU = Debug|Any CPU
		Release|Any CPU = Release|Any CPU
	EndGlobalSection
	GlobalSection(ProjectConfigurationPlatforms) = postSolution
		{D13F46D9-AD0D-44B7-B1A5-ABD52F2E83E9}.Debug|Any CPU.ActiveCfg = Debug|Any CPU
		{D13F46D9-AD0D-44B7-B1A5-ABD52F2E83E9}.Debug|Any CPU.Build.0 = Debug|Any CPU
		{D13F46D9-AD0D-44B7-B1A5-ABD52F2E83E9}.Release|Any CPU.ActiveCfg = Release|Any CPU
		{D13F46D9-AD0D-44B7-B1A5-ABD52F2E83E9}.Release|Any CPU.Build.0 = Release|Any CPU
	EndGlobalSection
	GlobalSection(SolutionProperties) = preSolution
		HideSolutionNode = FALSE
	EndGlobalSection
	GlobalSection(ExtensibilityGlobals) = postSolution
		SolutionGuid = {81BF1E00-E52D-4EDF-93DD-F4A891E73633}
	EndGlobalSection
EndGlobal
